
Microsoft Visual Studio Solution File, Format Version 12.00
# Visual Studio Version 16
VisualStudioVersion = 16.0.30309.148
MinimumVisualStudioVersion = 10.0.40219.1
Project("{FAE04EC0-301F-11D3-BF4B-00C04F79EFBC}") = "construction_material_management_system", "construction_material_management_system\construction_material_management_system.csproj", "{8401A743-B279-40C7-9E47-4407E4AEA0C2}"
EndProject
Global
	GlobalSection(SolutionConfigurationPlatforms) = preSolution
		Debug|Any CPU = Debug|Any CPU
		Release|Any CPU = Release|Any CPU
	EndGlobalSection
	GlobalSection(ProjectConfigurationPlatforms) = postSolution
		{8401A743-B279-40C7-9E47-4407E4AEA0C2}.Debug|Any CPU.ActiveCfg = Debug|Any CPU
		{8401A743-B279-40C7-9E47-4407E4AEA0C2}.Debug|Any CPU.Build.0 = Debug|Any CPU
		{8401A743-B279-40C7-9E47-4407E4AEA0C2}.Release|Any CPU.ActiveCfg = Release|Any CPU
		{8401A743-B279-40C7-9E47-4407E4AEA0C2}.Release|Any CPU.Build.0 = Release|Any CPU
	EndGlobalSection
	GlobalSection(SolutionProperties) = preSolution
		HideSolutionNode = FALSE
	EndGlobalSection
	GlobalSection(ExtensibilityGlobals) = postSolution
		SolutionGuid = {B4B46BA0-6508-4995-9FFB-C9B119BE9891}
	EndGlobalSection
EndGlobal
